
Microsoft Visual Studio Solution File, Format Version 12.00
# Visual Studio Version 16
VisualStudioVersion = 16.0.30907.101
MinimumVisualStudioVersion = 10.0.40219.1
Project("{FAE04EC0-301F-11D3-BF4B-00C04F79EFBC}") = "Lek01_Opstart", "Lek01_Opstart.csproj", "{F062E687-A1BB-4C82-88AB-21909C2DC464}"
EndProject
Global
	GlobalSection(SolutionConfigurationPlatforms) = preSolution
		Debug|Any CPU = Debug|Any CPU
		Release|Any CPU = Release|Any CPU
	EndGlobalSection
	GlobalSection(ProjectConfigurationPlatforms) = postSolution
		{F062E687-A1BB-4C82-88AB-21909C2DC464}.Debug|Any CPU.ActiveCfg = Debug|Any CPU
		{F062E687-A1BB-4C82-88AB-21909C2DC464}.Debug|Any CPU.Build.0 = Debug|Any CPU
		{F062E687-A1BB-4C82-88AB-21909C2DC464}.Release|Any CPU.ActiveCfg = Release|Any CPU
		{F062E687-A1BB-4C82-88AB-21909C2DC464}.Release|Any CPU.Build.0 = Release|Any CPU
	EndGlobalSection
	GlobalSection(SolutionProperties) = preSolution
		HideSolutionNode = FALSE
	EndGlobalSection
	GlobalSection(ExtensibilityGlobals) = postSolution
		SolutionGuid = {859594BF-AF63-42A1-9F33-BECC91BE0D8C}
	EndGlobalSection
EndGlobal
